
Microsoft Visual Studio Solution File, Format Version 12.00
# Visual Studio Version 17
VisualStudioVersion = 17.2.32519.379
MinimumVisualStudioVersion = 10.0.40219.1
Project("{FAE04EC0-301F-11D3-BF4B-00C04F79EFBC}") = "BulkyBookWeb", "BulkyBookWeb\BulkyBookWeb.csproj", "{AAA6EAFC-DD2F-47EB-AA3E-C5850EE50982}"
EndProject
Global
	GlobalSection(SolutionConfigurationPlatforms) = preSolution
		Debug|Any CPU = Debug|Any CPU
		Release|Any CPU = Release|Any CPU
	EndGlobalSection
	GlobalSection(ProjectConfigurationPlatforms) = postSolution
		{AAA6EAFC-DD2F-47EB-AA3E-C5850EE50982}.Debug|Any CPU.ActiveCfg = Debug|Any CPU
		{AAA6EAFC-DD2F-47EB-AA3E-C5850EE50982}.Debug|Any CPU.Build.0 = Debug|Any CPU
		{AAA6EAFC-DD2F-47EB-AA3E-C5850EE50982}.Release|Any CPU.ActiveCfg = Release|Any CPU
		{AAA6EAFC-DD2F-47EB-AA3E-C5850EE50982}.Release|Any CPU.Build.0 = Release|Any CPU
	EndGlobalSection
	GlobalSection(SolutionProperties) = preSolution
		HideSolutionNode = FALSE
	EndGlobalSection
	GlobalSection(ExtensibilityGlobals) = postSolution
		SolutionGuid = {B7D92CD2-0EAF-40DF-8604-4B6983FC055D}
	EndGlobalSection
EndGlobal
